
Microsoft Visual Studio Solution File, Format Version 12.00
# Visual Studio Version 16
VisualStudioVersion = 16.0.30804.86
MinimumVisualStudioVersion = 10.0.40219.1
Project("{FAE04EC0-301F-11D3-BF4B-00C04F79EFBC}") = "SoftimRestTask", "SoftimRestTask.csproj", "{644364D2-F154-4D00-BDF8-D7E0AD27A84F}"
EndProject
Global
	GlobalSection(SolutionConfigurationPlatforms) = preSolution
		Debug|Any CPU = Debug|Any CPU
		Release|Any CPU = Release|Any CPU
	EndGlobalSection
	GlobalSection(ProjectConfigurationPlatforms) = postSolution
		{644364D2-F154-4D00-BDF8-D7E0AD27A84F}.Debug|Any CPU.ActiveCfg = Debug|Any CPU
		{644364D2-F154-4D00-BDF8-D7E0AD27A84F}.Debug|Any CPU.Build.0 = Debug|Any CPU
		{644364D2-F154-4D00-BDF8-D7E0AD27A84F}.Release|Any CPU.ActiveCfg = Release|Any CPU
		{644364D2-F154-4D00-BDF8-D7E0AD27A84F}.Release|Any CPU.Build.0 = Release|Any CPU
	EndGlobalSection
	GlobalSection(SolutionProperties) = preSolution
		HideSolutionNode = FALSE
	EndGlobalSection
	GlobalSection(ExtensibilityGlobals) = postSolution
		SolutionGuid = {E59821C2-737D-44FC-B0F2-DFEE087E6FE1}
	EndGlobalSection
EndGlobal
